
Microsoft Visual Studio Solution File, Format Version 12.00
# Visual Studio Version 17
VisualStudioVersion = 17.14.36623.8 d17.14
MinimumVisualStudioVersion = 10.0.40219.1
Project("{FAE04EC0-301F-11D3-BF4B-00C04F79EFBC}") = "UseAppSettings", "UseAppSettings\UseAppSettings.csproj", "{E2AA5310-7E8A-46C5-A6EA-4125AD804134}"
EndProject
Project("{FAE04EC0-301F-11D3-BF4B-00C04F79EFBC}") = "UseUserSecrets", "UseUserSecrets\UseUserSecrets.csproj", "{DB7D121B-3077-4A62-8B98-3E20E7AAEA4B}"
EndProject
Project("{FAE04EC0-301F-11D3-BF4B-00C04F79EFBC}") = "UseAzureKeyVault", "UseAzureKeyVault\UseAzureKeyVault.csproj", "{58A90614-095E-4067-BBDF-7306746F800E}"
EndProject
Project("{FAE04EC0-301F-11D3-BF4B-00C04F79EFBC}") = "UseAWSSecrets", "UseAWSSecrets\UseAWSSecrets.csproj", "{946E6142-0F8C-472B-801A-425B31404CFC}"
EndProject
Global
	GlobalSection(SolutionConfigurationPlatforms) = preSolution
		Debug|Any CPU = Debug|Any CPU
		Release|Any CPU = Release|Any CPU
	EndGlobalSection
	GlobalSection(ProjectConfigurationPlatforms) = postSolution
		{E2AA5310-7E8A-46C5-A6EA-4125AD804134}.Debug|Any CPU.ActiveCfg = Debug|Any CPU
		{E2AA5310-7E8A-46C5-A6EA-4125AD804134}.Debug|Any CPU.Build.0 = Debug|Any CPU
		{E2AA5310-7E8A-46C5-A6EA-4125AD804134}.Release|Any CPU.ActiveCfg = Release|Any CPU
		{E2AA5310-7E8A-46C5-A6EA-4125AD804134}.Release|Any CPU.Build.0 = Release|Any CPU
		{DB7D121B-3077-4A62-8B98-3E20E7AAEA4B}.Debug|Any CPU.ActiveCfg = Debug|Any CPU
		{DB7D121B-3077-4A62-8B98-3E20E7AAEA4B}.Debug|Any CPU.Build.0 = Debug|Any CPU
		{DB7D121B-3077-4A62-8B98-3E20E7AAEA4B}.Release|Any CPU.ActiveCfg = Release|Any CPU
		{DB7D121B-3077-4A62-8B98-3E20E7AAEA4B}.Release|Any CPU.Build.0 = Release|Any CPU
		{58A90614-095E-4067-BBDF-7306746F800E}.Debug|Any CPU.ActiveCfg = Debug|Any CPU
		{58A90614-095E-4067-BBDF-7306746F800E}.Debug|Any CPU.Build.0 = Debug|Any CPU
		{58A90614-095E-4067-BBDF-7306746F800E}.Release|Any CPU.ActiveCfg = Release|Any CPU
		{58A90614-095E-4067-BBDF-7306746F800E}.Release|Any CPU.Build.0 = Release|Any CPU
		{946E6142-0F8C-472B-801A-425B31404CFC}.Debug|Any CPU.ActiveCfg = Debug|Any CPU
		{946E6142-0F8C-472B-801A-425B31404CFC}.Debug|Any CPU.Build.0 = Debug|Any CPU
		{946E6142-0F8C-472B-801A-425B31404CFC}.Release|Any CPU.ActiveCfg = Release|Any CPU
		{946E6142-0F8C-472B-801A-425B31404CFC}.Release|Any CPU.Build.0 = Release|Any CPU
	EndGlobalSection
	GlobalSection(SolutionProperties) = preSolution
		HideSolutionNode = FALSE
	EndGlobalSection
	GlobalSection(ExtensibilityGlobals) = postSolution
		SolutionGuid = {9573BA83-5D2F-4AEC-864B-89561C67C4CF}
	EndGlobalSection
EndGlobal
